
Microsoft Visual Studio Solution File, Format Version 12.00
# Visual Studio Version 17
VisualStudioVersion = 17.2.32519.379
MinimumVisualStudioVersion = 10.0.40219.1
Project("{9A19103F-16F7-4668-BE54-9A1E7A4F7556}") = "ByteBank.SistemaAgencia", "ByteBank.SistemaAgencia\ByteBank.SistemaAgencia.csproj", "{9E89680D-2F5B-456B-8712-E3E5FF08166B}"
EndProject
Project("{9A19103F-16F7-4668-BE54-9A1E7A4F7556}") = "ByteBank.Modelos", "..\..\5-Strings_Expressoes_Regulares_Classe_Object\ByteBank.Modelos\ByteBank.Modelos.csproj", "{60F67322-AF45-44B7-92A3-7F5B095BBB63}"
EndProject
Global
	GlobalSection(SolutionConfigurationPlatforms) = preSolution
		Debug|Any CPU = Debug|Any CPU
		Release|Any CPU = Release|Any CPU
	EndGlobalSection
	GlobalSection(ProjectConfigurationPlatforms) = postSolution
		{9E89680D-2F5B-456B-8712-E3E5FF08166B}.Debug|Any CPU.ActiveCfg = Debug|Any CPU
		{9E89680D-2F5B-456B-8712-E3E5FF08166B}.Debug|Any CPU.Build.0 = Debug|Any CPU
		{9E89680D-2F5B-456B-8712-E3E5FF08166B}.Release|Any CPU.ActiveCfg = Release|Any CPU
		{9E89680D-2F5B-456B-8712-E3E5FF08166B}.Release|Any CPU.Build.0 = Release|Any CPU
		{60F67322-AF45-44B7-92A3-7F5B095BBB63}.Debug|Any CPU.ActiveCfg = Debug|Any CPU
		{60F67322-AF45-44B7-92A3-7F5B095BBB63}.Debug|Any CPU.Build.0 = Debug|Any CPU
		{60F67322-AF45-44B7-92A3-7F5B095BBB63}.Release|Any CPU.ActiveCfg = Release|Any CPU
		{60F67322-AF45-44B7-92A3-7F5B095BBB63}.Release|Any CPU.Build.0 = Release|Any CPU
	EndGlobalSection
	GlobalSection(SolutionProperties) = preSolution
		HideSolutionNode = FALSE
	EndGlobalSection
	GlobalSection(ExtensibilityGlobals) = postSolution
		SolutionGuid = {6F866738-0149-4F7E-B53A-77BEE4C77458}
	EndGlobalSection
EndGlobal
