
Microsoft Visual Studio Solution File, Format Version 12.00
# Visual Studio Version 17
VisualStudioVersion = 17.2.32516.85
MinimumVisualStudioVersion = 10.0.40219.1
Project("{9A19103F-16F7-4668-BE54-9A1E7A4F7556}") = "ByteBank.SistemaAgencia", "ByteBank.SistemaAgencia\ByteBank.SistemaAgencia.csproj", "{2DA9BDF2-E4C3-4AD3-8B07-2B5E0D371ABA}"
EndProject
Project("{FAE04EC0-301F-11D3-BF4B-00C04F79EFBC}") = "ByteBank.Modelos", "ByteBank.Modelos\ByteBank.Modelos.csproj", "{D9326D6A-A66F-4120-B111-123A887C34F1}"
EndProject
Global
	GlobalSection(SolutionConfigurationPlatforms) = preSolution
		Debug|Any CPU = Debug|Any CPU
		Release|Any CPU = Release|Any CPU
	EndGlobalSection
	GlobalSection(ProjectConfigurationPlatforms) = postSolution
		{2DA9BDF2-E4C3-4AD3-8B07-2B5E0D371ABA}.Debug|Any CPU.ActiveCfg = Debug|Any CPU
		{2DA9BDF2-E4C3-4AD3-8B07-2B5E0D371ABA}.Debug|Any CPU.Build.0 = Debug|Any CPU
		{2DA9BDF2-E4C3-4AD3-8B07-2B5E0D371ABA}.Release|Any CPU.ActiveCfg = Release|Any CPU
		{2DA9BDF2-E4C3-4AD3-8B07-2B5E0D371ABA}.Release|Any CPU.Build.0 = Release|Any CPU
		{D9326D6A-A66F-4120-B111-123A887C34F1}.Debug|Any CPU.ActiveCfg = Debug|Any CPU
		{D9326D6A-A66F-4120-B111-123A887C34F1}.Debug|Any CPU.Build.0 = Debug|Any CPU
		{D9326D6A-A66F-4120-B111-123A887C34F1}.Release|Any CPU.ActiveCfg = Release|Any CPU
		{D9326D6A-A66F-4120-B111-123A887C34F1}.Release|Any CPU.Build.0 = Release|Any CPU
	EndGlobalSection
	GlobalSection(SolutionProperties) = preSolution
		HideSolutionNode = FALSE
	EndGlobalSection
	GlobalSection(ExtensibilityGlobals) = postSolution
		SolutionGuid = {38A30BE8-0C77-4488-8E23-1DD3C1EFF8E5}
	EndGlobalSection
EndGlobal
